
Microsoft Visual Studio Solution File, Format Version 12.00
# Visual Studio Version 16
VisualStudioVersion = 16.0.29609.76
MinimumVisualStudioVersion = 10.0.40219.1
Project("{FAE04EC0-301F-11D3-BF4B-00C04F79EFBC}") = "Database Controller Generator", "Database Controller Generator\Database Controller Generator.csproj", "{C9DA4A30-E336-40C8-AF11-2DB5B1C242D7}"
EndProject
Global
	GlobalSection(SolutionConfigurationPlatforms) = preSolution
		Debug|Any CPU = Debug|Any CPU
		Release|Any CPU = Release|Any CPU
	EndGlobalSection
	GlobalSection(ProjectConfigurationPlatforms) = postSolution
		{C9DA4A30-E336-40C8-AF11-2DB5B1C242D7}.Debug|Any CPU.ActiveCfg = Debug|Any CPU
		{C9DA4A30-E336-40C8-AF11-2DB5B1C242D7}.Debug|Any CPU.Build.0 = Debug|Any CPU
		{C9DA4A30-E336-40C8-AF11-2DB5B1C242D7}.Release|Any CPU.ActiveCfg = Release|Any CPU
		{C9DA4A30-E336-40C8-AF11-2DB5B1C242D7}.Release|Any CPU.Build.0 = Release|Any CPU
	EndGlobalSection
	GlobalSection(SolutionProperties) = preSolution
		HideSolutionNode = FALSE
	EndGlobalSection
	GlobalSection(ExtensibilityGlobals) = postSolution
		SolutionGuid = {A5CB0815-E5B6-477B-A970-E138A773A8A3}
	EndGlobalSection
EndGlobal
